PODS:
  - BarcodeScanner (1.0.0)

DEPENDENCIES:
  - BarcodeScanner (from `../../`)

EXTERNAL SOURCES:
  BarcodeScanner:
    :path: "../../"

SPEC CHECKSUMS:
  BarcodeScanner: 17a26df0113df5deb1541a6a044a3c0f8ef15d4f

PODFILE CHECKSUM: 8e638abc5a328d4183494a7b6d1c4412636ee9a0

COCOAPODS: 1.0.0.beta.5
