PODS:
  - BarcodeScanner (1.0.0)

DEPENDENCIES:
  - BarcodeScanner (from `../../`)

EXTERNAL SOURCES:
  BarcodeScanner:
    :path: "../../"

SPEC CHECKSUMS:
  BarcodeScanner: dc100759494146252819610d3e5fa3cb5e8ccda5

PODFILE CHECKSUM: 8e638abc5a328d4183494a7b6d1c4412636ee9a0

COCOAPODS: 1.0.0.beta.5
